
Microsoft Visual Studio Solution File, Format Version 12.00
# Visual Studio Version 16
VisualStudioVersion = 16.0.31727.386
MinimumVisualStudioVersion = 10.0.40219.1
Project("{9A19103F-16F7-4668-BE54-9A1E7A4F7556}") = "MerlinCor", "MerlinCor\MerlinCor.csproj", "{20C191F1-E4A6-407E-9017-04F007ABD58B}"
EndProject
Global
	GlobalSection(SolutionConfigurationPlatforms) = preSolution
		Debug|Any CPU = Debug|Any CPU
		Release|Any CPU = Release|Any CPU
	EndGlobalSection
	GlobalSection(ProjectConfigurationPlatforms) = postSolution
		{20C191F1-E4A6-407E-9017-04F007ABD58B}.Debug|Any CPU.ActiveCfg = Debug|Any CPU
		{20C191F1-E4A6-407E-9017-04F007ABD58B}.Debug|Any CPU.Build.0 = Debug|Any CPU
		{20C191F1-E4A6-407E-9017-04F007ABD58B}.Release|Any CPU.ActiveCfg = Release|Any CPU
		{20C191F1-E4A6-407E-9017-04F007ABD58B}.Release|Any CPU.Build.0 = Release|Any CPU
	EndGlobalSection
	GlobalSection(SolutionProperties) = preSolution
		HideSolutionNode = FALSE
	EndGlobalSection
	GlobalSection(ExtensibilityGlobals) = postSolution
		SolutionGuid = {4B4FB961-3040-4C97-BE9C-A7EA9807EF9C}
	EndGlobalSection
EndGlobal
